{
    "version": 3,
    "terraform_version": "0.11.7",
    "serial": 4,
    "lineage": "8dbaf132-823c-8402-cd8b-44a608ad360c",
    "modules": [
        {
            "path": [
                "root"
            ],
            "outputs": {},
            "resources": {
                "azurerm_availability_set.newdcas": {
                    "type": "azurerm_availability_set",
                    "depends_on": [
                        "azurerm_resource_group.newdcrg"
                    ],
                    "primary": {
                        "id": "/subscriptions/d4c489d8-20ae-42bb-81da-7d6bf72f4bf3/resourceGroups/WayneDirectoryRG2/providers/Microsoft.Compute/availabilitySets/waynedc-as",
                        "attributes": {
                            "id": "/subscriptions/d4c489d8-20ae-42bb-81da-7d6bf72f4bf3/resourceGroups/WayneDirectoryRG2/providers/Microsoft.Compute/availabilitySets/waynedc-as",
                            "location": "eastus",
                            "managed": "true",
                            "name": "waynedc-as",
                            "platform_fault_domain_count": "3",
                            "platform_update_domain_count": "5",
                            "resource_group_name": "WayneDirectoryRG2",
                            "tags.%": "0"
                        },
                        "meta": {},
                        "tainted": false
                    },
                    "deposed": [],
                    "provider": "provider.azurerm"
                },
                "azurerm_network_interface.newdcnic.0": {
                    "type": "azurerm_network_interface",
                    "depends_on": [
                        "azurerm_resource_group.newdcrg",
                        "data.azurerm_subnet.newdc-subnet"
                    ],
                    "primary": {
                        "id": "/subscriptions/d4c489d8-20ae-42bb-81da-7d6bf72f4bf3/resourceGroups/WayneDirectoryRG2/providers/Microsoft.Network/networkInterfaces/waynedc1-nic",
                        "attributes": {
                            "applied_dns_servers.#": "0",
                            "dns_servers.#": "2",
                            "dns_servers.1452553500": "10.0.0.4",
                            "dns_servers.1465278251": "10.0.1.4",
                            "enable_accelerated_networking": "false",
                            "enable_ip_forwarding": "false",
                            "id": "/subscriptions/d4c489d8-20ae-42bb-81da-7d6bf72f4bf3/resourceGroups/WayneDirectoryRG2/providers/Microsoft.Network/networkInterfaces/waynedc1-nic",
                            "internal_dns_name_label": "dc-1",
                            "internal_fqdn": "dc-1.wywwi1fmk4wevexfq0skodrp5c.bx.internal.cloudapp.net",
                            "ip_configuration.#": "1",
                            "ip_configuration.0.application_gateway_backend_address_pools_ids.#": "0",
                            "ip_configuration.0.application_security_group_ids.#": "0",
                            "ip_configuration.0.load_balancer_backend_address_pools_ids.#": "0",
                            "ip_configuration.0.load_balancer_inbound_nat_rules_ids.#": "0",
                            "ip_configuration.0.name": "waynedc1-ip_config",
                            "ip_configuration.0.primary": "true",
                            "ip_configuration.0.private_ip_address": "10.0.1.5",
                            "ip_configuration.0.private_ip_address_allocation": "static",
                            "ip_configuration.0.public_ip_address_id": "",
                            "ip_configuration.0.subnet_id": "/subscriptions/d4c489d8-20ae-42bb-81da-7d6bf72f4bf3/resourceGroups/WayneDirectoryRG/providers/Microsoft.Network/virtualNetworks/adVNET/subnets/adSubnet2",
                            "location": "eastus",
                            "mac_address": "",
                            "name": "waynedc1-nic",
                            "network_security_group_id": "",
                            "private_ip_address": "10.0.1.5",
                            "private_ip_addresses.#": "1",
                            "private_ip_addresses.0": "10.0.1.5",
                            "resource_group_name": "WayneDirectoryRG2",
                            "tags.%": "0"
                        },
                        "meta": {},
                        "tainted": false
                    },
                    "deposed": [],
                    "provider": "provider.azurerm"
                },
                "azurerm_network_interface.newdcnic.1": {
                    "type": "azurerm_network_interface",
                    "depends_on": [
                        "azurerm_resource_group.newdcrg",
                        "data.azurerm_subnet.newdc-subnet"
                    ],
                    "primary": {
                        "id": "/subscriptions/d4c489d8-20ae-42bb-81da-7d6bf72f4bf3/resourceGroups/WayneDirectoryRG2/providers/Microsoft.Network/networkInterfaces/waynedc2-nic",
                        "attributes": {
                            "applied_dns_servers.#": "0",
                            "dns_servers.#": "2",
                            "dns_servers.1452553500": "10.0.0.4",
                            "dns_servers.1465278251": "10.0.1.4",
                            "enable_accelerated_networking": "false",
                            "enable_ip_forwarding": "false",
                            "id": "/subscriptions/d4c489d8-20ae-42bb-81da-7d6bf72f4bf3/resourceGroups/WayneDirectoryRG2/providers/Microsoft.Network/networkInterfaces/waynedc2-nic",
                            "internal_dns_name_label": "dc-2",
                            "internal_fqdn": "dc-2.wywwi1fmk4wevexfq0skodrp5c.bx.internal.cloudapp.net",
                            "ip_configuration.#": "1",
                            "ip_configuration.0.application_gateway_backend_address_pools_ids.#": "0",
                            "ip_configuration.0.application_security_group_ids.#": "0",
                            "ip_configuration.0.load_balancer_backend_address_pools_ids.#": "0",
                            "ip_configuration.0.load_balancer_inbound_nat_rules_ids.#": "0",
                            "ip_configuration.0.name": "waynedc2-ip_config",
                            "ip_configuration.0.primary": "true",
                            "ip_configuration.0.private_ip_address": "10.0.1.6",
                            "ip_configuration.0.private_ip_address_allocation": "static",
                            "ip_configuration.0.public_ip_address_id": "",
                            "ip_configuration.0.subnet_id": "/subscriptions/d4c489d8-20ae-42bb-81da-7d6bf72f4bf3/resourceGroups/WayneDirectoryRG/providers/Microsoft.Network/virtualNetworks/adVNET/subnets/adSubnet2",
                            "location": "eastus",
                            "mac_address": "",
                            "name": "waynedc2-nic",
                            "network_security_group_id": "",
                            "private_ip_address": "10.0.1.6",
                            "private_ip_addresses.#": "1",
                            "private_ip_addresses.0": "10.0.1.6",
                            "resource_group_name": "WayneDirectoryRG2",
                            "tags.%": "0"
                        },
                        "meta": {},
                        "tainted": false
                    },
                    "deposed": [],
                    "provider": "provider.azurerm"
                },
                "azurerm_resource_group.newdcrg": {
                    "type": "azurerm_resource_group",
                    "depends_on": [],
                    "primary": {
                        "id": "/subscriptions/d4c489d8-20ae-42bb-81da-7d6bf72f4bf3/resourceGroups/WayneDirectoryRG2",
                        "attributes": {
                            "id": "/subscriptions/d4c489d8-20ae-42bb-81da-7d6bf72f4bf3/resourceGroups/WayneDirectoryRG2",
                            "location": "eastus",
                            "name": "WayneDirectoryRG2",
                            "tags.%": "0"
                        },
                        "meta": {},
                        "tainted": false
                    },
                    "deposed": [],
                    "provider": "provider.azurerm"
                },
                "azurerm_virtual_machine.dc.0": {
                    "type": "azurerm_virtual_machine",
                    "depends_on": [
                        "azurerm_availability_set.newdcas",
                        "azurerm_network_interface.newdcnic.*",
                        "azurerm_resource_group.newdcrg",
                        "local.vm_size"
                    ],
                    "primary": {
                        "id": "/subscriptions/d4c489d8-20ae-42bb-81da-7d6bf72f4bf3/resourceGroups/WayneDirectoryRG2/providers/Microsoft.Compute/virtualMachines/waynedc1",
                        "attributes": {
                            "availability_set_id": "/subscriptions/d4c489d8-20ae-42bb-81da-7d6bf72f4bf3/resourcegroups/waynedirectoryrg2/providers/microsoft.compute/availabilitysets/waynedc-as",
                            "delete_data_disks_on_termination": "true",
                            "delete_os_disk_on_termination": "true",
                            "id": "/subscriptions/d4c489d8-20ae-42bb-81da-7d6bf72f4bf3/resourceGroups/WayneDirectoryRG2/providers/Microsoft.Compute/virtualMachines/waynedc1",
                            "identity.#": "0",
                            "location": "eastus",
                            "name": "waynedc1",
                            "network_interface_ids.#": "1",
                            "network_interface_ids.0": "/subscriptions/d4c489d8-20ae-42bb-81da-7d6bf72f4bf3/resourceGroups/WayneDirectoryRG2/providers/Microsoft.Network/networkInterfaces/waynedc1-nic",
                            "os_profile.#": "1",
                            "os_profile.3623944646.admin_password": "",
                            "os_profile.3623944646.admin_username": "adadministrator",
                            "os_profile.3623944646.computer_name": "waynedc1",
                            "os_profile.3623944646.custom_data": "",
                            "os_profile_secrets.#": "0",
                            "os_profile_windows_config.#": "1",
                            "os_profile_windows_config.1060902566.additional_unattend_config.#": "0",
                            "os_profile_windows_config.1060902566.enable_automatic_upgrades": "true",
                            "os_profile_windows_config.1060902566.provision_vm_agent": "true",
                            "os_profile_windows_config.1060902566.timezone": "",
                            "os_profile_windows_config.1060902566.winrm.#": "0",
                            "resource_group_name": "WayneDirectoryRG2",
                            "storage_data_disk.#": "1",
                            "storage_data_disk.0.caching": "None",
                            "storage_data_disk.0.create_option": "Empty",
                            "storage_data_disk.0.disk_size_gb": "1023",
                            "storage_data_disk.0.lun": "1",
                            "storage_data_disk.0.managed_disk_id": "/subscriptions/d4c489d8-20ae-42bb-81da-7d6bf72f4bf3/resourceGroups/WayneDirectoryRG2/providers/Microsoft.Compute/disks/waynedc1-datadisk",
                            "storage_data_disk.0.managed_disk_type": "Standard_LRS",
                            "storage_data_disk.0.name": "waynedc1-datadisk",
                            "storage_data_disk.0.vhd_uri": "",
                            "storage_data_disk.0.write_accelerator_enabled": "false",
                            "storage_image_reference.#": "1",
                            "storage_image_reference.2991307580.id": "",
                            "storage_image_reference.2991307580.offer": "WindowsServer",
                            "storage_image_reference.2991307580.publisher": "MicrosoftWindowsServer",
                            "storage_image_reference.2991307580.sku": "2012-R2-Datacenter",
                            "storage_image_reference.2991307580.version": "latest",
                            "storage_os_disk.#": "1",
                            "storage_os_disk.0.caching": "ReadWrite",
                            "storage_os_disk.0.create_option": "FromImage",
                            "storage_os_disk.0.disk_size_gb": "127",
                            "storage_os_disk.0.image_uri": "",
                            "storage_os_disk.0.managed_disk_id": "/subscriptions/d4c489d8-20ae-42bb-81da-7d6bf72f4bf3/resourceGroups/WayneDirectoryRG2/providers/Microsoft.Compute/disks/waynedc1-osdisk",
                            "storage_os_disk.0.managed_disk_type": "Standard_LRS",
                            "storage_os_disk.0.name": "waynedc1-osdisk",
                            "storage_os_disk.0.os_type": "Windows",
                            "storage_os_disk.0.vhd_uri": "",
                            "storage_os_disk.0.write_accelerator_enabled": "false",
                            "tags.%": "0",
                            "vm_size": "Standard_D2_v2",
                            "zones.#": "0"
                        },
                        "meta": {},
                        "tainted": false
                    },
                    "deposed": [],
                    "provider": "provider.azurerm"
                },
                "azurerm_virtual_machine.dc.1": {
                    "type": "azurerm_virtual_machine",
                    "depends_on": [
                        "azurerm_availability_set.newdcas",
                        "azurerm_network_interface.newdcnic.*",
                        "azurerm_resource_group.newdcrg",
                        "local.vm_size"
                    ],
                    "primary": {
                        "id": "/subscriptions/d4c489d8-20ae-42bb-81da-7d6bf72f4bf3/resourceGroups/WayneDirectoryRG2/providers/Microsoft.Compute/virtualMachines/waynedc2",
                        "attributes": {
                            "availability_set_id": "/subscriptions/d4c489d8-20ae-42bb-81da-7d6bf72f4bf3/resourcegroups/waynedirectoryrg2/providers/microsoft.compute/availabilitysets/waynedc-as",
                            "delete_data_disks_on_termination": "true",
                            "delete_os_disk_on_termination": "true",
                            "id": "/subscriptions/d4c489d8-20ae-42bb-81da-7d6bf72f4bf3/resourceGroups/WayneDirectoryRG2/providers/Microsoft.Compute/virtualMachines/waynedc2",
                            "identity.#": "0",
                            "location": "eastus",
                            "name": "waynedc2",
                            "network_interface_ids.#": "1",
                            "network_interface_ids.0": "/subscriptions/d4c489d8-20ae-42bb-81da-7d6bf72f4bf3/resourceGroups/WayneDirectoryRG2/providers/Microsoft.Network/networkInterfaces/waynedc2-nic",
                            "os_profile.#": "1",
                            "os_profile.4079768069.admin_password": "",
                            "os_profile.4079768069.admin_username": "adadministrator",
                            "os_profile.4079768069.computer_name": "waynedc2",
                            "os_profile.4079768069.custom_data": "",
                            "os_profile_secrets.#": "0",
                            "os_profile_windows_config.#": "1",
                            "os_profile_windows_config.1060902566.additional_unattend_config.#": "0",
                            "os_profile_windows_config.1060902566.enable_automatic_upgrades": "true",
                            "os_profile_windows_config.1060902566.provision_vm_agent": "true",
                            "os_profile_windows_config.1060902566.timezone": "",
                            "os_profile_windows_config.1060902566.winrm.#": "0",
                            "resource_group_name": "WayneDirectoryRG2",
                            "storage_data_disk.#": "1",
                            "storage_data_disk.0.caching": "None",
                            "storage_data_disk.0.create_option": "Empty",
                            "storage_data_disk.0.disk_size_gb": "1023",
                            "storage_data_disk.0.lun": "1",
                            "storage_data_disk.0.managed_disk_id": "/subscriptions/d4c489d8-20ae-42bb-81da-7d6bf72f4bf3/resourceGroups/WayneDirectoryRG2/providers/Microsoft.Compute/disks/waynedc2-datadisk",
                            "storage_data_disk.0.managed_disk_type": "Standard_LRS",
                            "storage_data_disk.0.name": "waynedc2-datadisk",
                            "storage_data_disk.0.vhd_uri": "",
                            "storage_data_disk.0.write_accelerator_enabled": "false",
                            "storage_image_reference.#": "1",
                            "storage_image_reference.2991307580.id": "",
                            "storage_image_reference.2991307580.offer": "WindowsServer",
                            "storage_image_reference.2991307580.publisher": "MicrosoftWindowsServer",
                            "storage_image_reference.2991307580.sku": "2012-R2-Datacenter",
                            "storage_image_reference.2991307580.version": "latest",
                            "storage_os_disk.#": "1",
                            "storage_os_disk.0.caching": "ReadWrite",
                            "storage_os_disk.0.create_option": "FromImage",
                            "storage_os_disk.0.disk_size_gb": "127",
                            "storage_os_disk.0.image_uri": "",
                            "storage_os_disk.0.managed_disk_id": "/subscriptions/d4c489d8-20ae-42bb-81da-7d6bf72f4bf3/resourceGroups/WayneDirectoryRG2/providers/Microsoft.Compute/disks/waynedc2-osdisk",
                            "storage_os_disk.0.managed_disk_type": "Standard_LRS",
                            "storage_os_disk.0.name": "waynedc2-osdisk",
                            "storage_os_disk.0.os_type": "Windows",
                            "storage_os_disk.0.vhd_uri": "",
                            "storage_os_disk.0.write_accelerator_enabled": "false",
                            "tags.%": "0",
                            "vm_size": "Standard_D2_v2",
                            "zones.#": "0"
                        },
                        "meta": {},
                        "tainted": false
                    },
                    "deposed": [],
                    "provider": "provider.azurerm"
                },
                "azurerm_virtual_machine_extension.CreateADReplicaDC.0": {
                    "type": "azurerm_virtual_machine_extension",
                    "depends_on": [
                        "azurerm_resource_group.newdcrg",
                        "azurerm_virtual_machine.dc"
                    ],
                    "primary": {
                        "id": "/subscriptions/d4c489d8-20ae-42bb-81da-7d6bf72f4bf3/resourceGroups/WayneDirectoryRG2/providers/Microsoft.Compute/virtualMachines/waynedc1/extensions/DSC-DCPromo",
                        "attributes": {
                            "auto_upgrade_minor_version": "false",
                            "id": "/subscriptions/d4c489d8-20ae-42bb-81da-7d6bf72f4bf3/resourceGroups/WayneDirectoryRG2/providers/Microsoft.Compute/virtualMachines/waynedc1/extensions/DSC-DCPromo",
                            "location": "eastus",
                            "name": "DSC-DCPromo",
                            "protected_settings": "    {\n        \"configurationArguments\": {\n          \"admin_credentials\": {\n              \"userName\": \"adadministrator\",\n              \"password\": \"Batman00!\"\n          },\n          \"safemode_credentials\": {\n              \"userName\": \"none\",\n              \"password\": \"Batman00!\"\n          }\n        }\n    }\n    ",
                            "publisher": "Microsoft.Powershell",
                            "resource_group_name": "WayneDirectoryRG2",
                            "settings": "{\"configuration\":{\"function\":\"CreateADReplicaDC\",\"script\":\"CreateADReplicaDC.ps1\",\"url\":\"https://raw.githubusercontent.com/texmx/CreateADReplicaDC/master/CreateADReplicaDC.zip\"},\"configurationArguments\":{\"ADSiteName\":\"Azure-ADSite\",\"domainname\":\"wayne.com\"},\"privacy\":{\"dataCollection\":\"enable\"},\"wmfVersion\":\"latest\"}",
                            "tags.%": "0",
                            "type": "DSC",
                            "type_handler_version": "2.76",
                            "virtual_machine_name": "waynedc1"
                        },
                        "meta": {},
                        "tainted": false
                    },
                    "deposed": [],
                    "provider": "provider.azurerm"
                },
                "azurerm_virtual_machine_extension.CreateADReplicaDC.1": {
                    "type": "azurerm_virtual_machine_extension",
                    "depends_on": [
                        "azurerm_resource_group.newdcrg",
                        "azurerm_virtual_machine.dc"
                    ],
                    "primary": {
                        "id": "/subscriptions/d4c489d8-20ae-42bb-81da-7d6bf72f4bf3/resourceGroups/WayneDirectoryRG2/providers/Microsoft.Compute/virtualMachines/waynedc2/extensions/DSC-DCPromo",
                        "attributes": {
                            "auto_upgrade_minor_version": "false",
                            "id": "/subscriptions/d4c489d8-20ae-42bb-81da-7d6bf72f4bf3/resourceGroups/WayneDirectoryRG2/providers/Microsoft.Compute/virtualMachines/waynedc2/extensions/DSC-DCPromo",
                            "location": "eastus",
                            "name": "DSC-DCPromo",
                            "protected_settings": "    {\n        \"configurationArguments\": {\n          \"admin_credentials\": {\n              \"userName\": \"adadministrator\",\n              \"password\": \"Batman00!\"\n          },\n          \"safemode_credentials\": {\n              \"userName\": \"none\",\n              \"password\": \"Batman00!\"\n          }\n        }\n    }\n    ",
                            "publisher": "Microsoft.Powershell",
                            "resource_group_name": "WayneDirectoryRG2",
                            "settings": "{\"configuration\":{\"function\":\"CreateADReplicaDC\",\"script\":\"CreateADReplicaDC.ps1\",\"url\":\"https://raw.githubusercontent.com/texmx/CreateADReplicaDC/master/CreateADReplicaDC.zip\"},\"configurationArguments\":{\"ADSiteName\":\"Azure-ADSite\",\"domainname\":\"wayne.com\"},\"privacy\":{\"dataCollection\":\"enable\"},\"wmfVersion\":\"latest\"}",
                            "tags.%": "0",
                            "type": "DSC",
                            "type_handler_version": "2.76",
                            "virtual_machine_name": "waynedc2"
                        },
                        "meta": {},
                        "tainted": false
                    },
                    "deposed": [],
                    "provider": "provider.azurerm"
                },
                "data.azurerm_subnet.newdc-subnet": {
                    "type": "azurerm_subnet",
                    "depends_on": [],
                    "primary": {
                        "id": "/subscriptions/d4c489d8-20ae-42bb-81da-7d6bf72f4bf3/resourceGroups/WayneDirectoryRG/providers/Microsoft.Network/virtualNetworks/adVNET/subnets/adSubnet2",
                        "attributes": {
                            "address_prefix": "10.0.1.0/24",
                            "id": "/subscriptions/d4c489d8-20ae-42bb-81da-7d6bf72f4bf3/resourceGroups/WayneDirectoryRG/providers/Microsoft.Network/virtualNetworks/adVNET/subnets/adSubnet2",
                            "ip_configurations.#": "0",
                            "name": "adSubnet2",
                            "network_security_group_id": "",
                            "resource_group_name": "WayneDirectoryRG",
                            "route_table_id": "",
                            "virtual_network_name": "adVNET"
                        },
                        "meta": {},
                        "tainted": false
                    },
                    "deposed": [],
                    "provider": "provider.azurerm"
                }
            },
            "depends_on": []
        }
    ]
}
